
Microsoft Visual Studio Solution File, Format Version 12.00
Project("{FAE04EC0-301F-11D3-BF4B-00C04F79EFBC}") = "mission2", "mission2\mission2.csproj", "{EFA5DFE2-E92A-41CF-A292-2384F5DDA736}"
EndProject
Global
	GlobalSection(SolutionConfigurationPlatforms) = preSolution
		Debug|Any CPU = Debug|Any CPU
		Release|Any CPU = Release|Any CPU
	EndGlobalSection
	GlobalSection(ProjectConfigurationPlatforms) = postSolution
		{EFA5DFE2-E92A-41CF-A292-2384F5DDA736}.Debug|Any CPU.ActiveCfg = Debug|Any CPU
		{EFA5DFE2-E92A-41CF-A292-2384F5DDA736}.Debug|Any CPU.Build.0 = Debug|Any CPU
		{EFA5DFE2-E92A-41CF-A292-2384F5DDA736}.Release|Any CPU.ActiveCfg = Release|Any CPU
		{EFA5DFE2-E92A-41CF-A292-2384F5DDA736}.Release|Any CPU.Build.0 = Release|Any CPU
	EndGlobalSection
EndGlobal
