
Microsoft Visual Studio Solution File, Format Version 12.00
Project("{FAE04EC0-301F-11D3-BF4B-00C04F79EFBC}") = "mission2", "mission2\mission2.csproj", "{EFA5DFE2-E92A-41CF-A292-2384F5DDA736}"
EndProject
Project("{FAE04EC0-301F-11D3-BF4B-00C04F79EFBC}") = "mission3", "mission3\mission3.csproj", "{7D9BE934-8BC9-4E90-8318-AE147A0AD6FF}"
EndProject
Project("{FAE04EC0-301F-11D3-BF4B-00C04F79EFBC}") = "mission4", "mission4\mission4.csproj", "{413F425C-973B-4399-BDDA-C96FCC6B16D3}"
EndProject
Project("{FAE04EC0-301F-11D3-BF4B-00C04F79EFBC}") = "mission5", "mission5\mission5.csproj", "{CEB2A0BC-4BB9-4CF9-971E-AA8A217DF4E7}"
EndProject
Project("{FAE04EC0-301F-11D3-BF4B-00C04F79EFBC}") = "mission06_Hagerty", "mission06_Hagerty\mission06_Hagerty.csproj", "{5F71DC7A-ED10-4A3A-9730-2CA0921CD585}"
EndProject
Global
	GlobalSection(SolutionConfigurationPlatforms) = preSolution
		Debug|Any CPU = Debug|Any CPU
		Release|Any CPU = Release|Any CPU
	EndGlobalSection
	GlobalSection(ProjectConfigurationPlatforms) = postSolution
		{EFA5DFE2-E92A-41CF-A292-2384F5DDA736}.Debug|Any CPU.ActiveCfg = Debug|Any CPU
		{EFA5DFE2-E92A-41CF-A292-2384F5DDA736}.Debug|Any CPU.Build.0 = Debug|Any CPU
		{EFA5DFE2-E92A-41CF-A292-2384F5DDA736}.Release|Any CPU.ActiveCfg = Release|Any CPU
		{EFA5DFE2-E92A-41CF-A292-2384F5DDA736}.Release|Any CPU.Build.0 = Release|Any CPU
		{7D9BE934-8BC9-4E90-8318-AE147A0AD6FF}.Debug|Any CPU.ActiveCfg = Debug|Any CPU
		{7D9BE934-8BC9-4E90-8318-AE147A0AD6FF}.Debug|Any CPU.Build.0 = Debug|Any CPU
		{7D9BE934-8BC9-4E90-8318-AE147A0AD6FF}.Release|Any CPU.ActiveCfg = Release|Any CPU
		{7D9BE934-8BC9-4E90-8318-AE147A0AD6FF}.Release|Any CPU.Build.0 = Release|Any CPU
		{413F425C-973B-4399-BDDA-C96FCC6B16D3}.Debug|Any CPU.ActiveCfg = Debug|Any CPU
		{413F425C-973B-4399-BDDA-C96FCC6B16D3}.Debug|Any CPU.Build.0 = Debug|Any CPU
		{413F425C-973B-4399-BDDA-C96FCC6B16D3}.Release|Any CPU.ActiveCfg = Release|Any CPU
		{413F425C-973B-4399-BDDA-C96FCC6B16D3}.Release|Any CPU.Build.0 = Release|Any CPU
		{CEB2A0BC-4BB9-4CF9-971E-AA8A217DF4E7}.Debug|Any CPU.ActiveCfg = Debug|Any CPU
		{CEB2A0BC-4BB9-4CF9-971E-AA8A217DF4E7}.Debug|Any CPU.Build.0 = Debug|Any CPU
		{CEB2A0BC-4BB9-4CF9-971E-AA8A217DF4E7}.Release|Any CPU.ActiveCfg = Release|Any CPU
		{CEB2A0BC-4BB9-4CF9-971E-AA8A217DF4E7}.Release|Any CPU.Build.0 = Release|Any CPU
		{5F71DC7A-ED10-4A3A-9730-2CA0921CD585}.Debug|Any CPU.ActiveCfg = Debug|Any CPU
		{5F71DC7A-ED10-4A3A-9730-2CA0921CD585}.Debug|Any CPU.Build.0 = Debug|Any CPU
		{5F71DC7A-ED10-4A3A-9730-2CA0921CD585}.Release|Any CPU.ActiveCfg = Release|Any CPU
		{5F71DC7A-ED10-4A3A-9730-2CA0921CD585}.Release|Any CPU.Build.0 = Release|Any CPU
	EndGlobalSection
EndGlobal
